
Microsoft Visual Studio Solution File, Format Version 12.00
# Visual Studio Version 17
VisualStudioVersion = 17.14.36414.22 d17.14
MinimumVisualStudioVersion = 10.0.40219.1
Project("{FAE04EC0-301F-11D3-BF4B-00C04F79EFBC}") = "calculator", "calculator\calculator.csproj", "{59426EF9-A808-43B0-BFD9-B7CD47B3A374}"
EndProject
Global
	GlobalSection(SolutionConfigurationPlatforms) = preSolution
		Debug|Any CPU = Debug|Any CPU
		Release|Any CPU = Release|Any CPU
	EndGlobalSection
	GlobalSection(ProjectConfigurationPlatforms) = postSolution
		{59426EF9-A808-43B0-BFD9-B7CD47B3A374}.Debug|Any CPU.ActiveCfg = Debug|Any CPU
		{59426EF9-A808-43B0-BFD9-B7CD47B3A374}.Debug|Any CPU.Build.0 = Debug|Any CPU
		{59426EF9-A808-43B0-BFD9-B7CD47B3A374}.Release|Any CPU.ActiveCfg = Release|Any CPU
		{59426EF9-A808-43B0-BFD9-B7CD47B3A374}.Release|Any CPU.Build.0 = Release|Any CPU
	EndGlobalSection
	GlobalSection(SolutionProperties) = preSolution
		HideSolutionNode = FALSE
	EndGlobalSection
	GlobalSection(ExtensibilityGlobals) = postSolution
		SolutionGuid = {A9869FAF-1D12-45FF-A3D8-86D1C7A2AC6D}
	EndGlobalSection
EndGlobal
